
Microsoft Visual Studio Solution File, Format Version 12.00
# Visual Studio 15
VisualStudioVersion = 15.0.28307.1500
MinimumVisualStudioVersion = 10.0.40219.1
Project("{FAE04EC0-301F-11D3-BF4B-00C04F79EFBC}") = "EarthQuakePrediction", "EarthQuakePrediction\EarthQuakePrediction.csproj", "{B7887097-F273-43A7-8A8F-723B047D24FE}"
EndProject
Global
	GlobalSection(SolutionConfigurationPlatforms) = preSolution
		Debug|Any CPU = Debug|Any CPU
		Release|Any CPU = Release|Any CPU
	EndGlobalSection
	GlobalSection(ProjectConfigurationPlatforms) = postSolution
		{B7887097-F273-43A7-8A8F-723B047D24FE}.Debug|Any CPU.ActiveCfg = Debug|Any CPU
		{B7887097-F273-43A7-8A8F-723B047D24FE}.Debug|Any CPU.Build.0 = Debug|Any CPU
		{B7887097-F273-43A7-8A8F-723B047D24FE}.Release|Any CPU.ActiveCfg = Release|Any CPU
		{B7887097-F273-43A7-8A8F-723B047D24FE}.Release|Any CPU.Build.0 = Release|Any CPU
	EndGlobalSection
	GlobalSection(SolutionProperties) = preSolution
		HideSolutionNode = FALSE
	EndGlobalSection
	GlobalSection(ExtensibilityGlobals) = postSolution
		SolutionGuid = {05CE22AC-04B5-4E4B-A051-B459F946ED15}
	EndGlobalSection
EndGlobal
